// !$*UTF8*$!
{
	archiveVersion = 1;
	classes = {
	};
	objectVersion = 51;
	objects = {

/* Begin PBXBuildFile section */
		044A676B1DC7D444C74CB45F /* Pods_Music.framework in Frameworks */ = {isa = PBXBuildFile; fileRef = 3157439674C642F281D9E478 /* Pods_Music.framework */; };
		DD50FBF32590B693006FFD55 /* TabBarController.swift in Sources */ = {isa = PBXBuildFile; fileRef = DD50FBF22590B693006FFD55 /* TabBarController.swift */; };
		DD50FBF72590B7B7006FFD55 /* HistoryController.swift in Sources */ = {isa = PBXBuildFile; fileRef = DD50FBF62590B7B7006FFD55 /* HistoryController.swift */; };
		DD50FBFA2590BD8B006FFD55 /* SearchListCell.swift in Sources */ = {isa = PBXBuildFile; fileRef = DD50FBF92590BD8B006FFD55 /* SearchListCell.swift */; };
		DD50FC0D259234C0006FFD55 /* HistoryCell.swift in Sources */ = {isa = PBXBuildFile; fileRef = DD50FC0C259234C0006FFD55 /* HistoryCell.swift */; };
		DD50FC1725924351006FFD55 /* AlbumCell.swift in Sources */ = {isa = PBXBuildFile; fileRef = DD50FC1625924351006FFD55 /* AlbumCell.swift */; };
		DD50FC1B259243BD006FFD55 /* AlbumController.swift in Sources */ = {isa = PBXBuildFile; fileRef = DD50FC1A259243BD006FFD55 /* AlbumController.swift */; };
		DD50FC2125925261006FFD55 /* CoverCell.swift in Sources */ = {isa = PBXBuildFile; fileRef = DD50FC2025925261006FFD55 /* CoverCell.swift */; };
		DD50FC25259290EF006FFD55 /* CopyrightCell.swift in Sources */ = {isa = PBXBuildFile; fileRef = DD50FC24259290EF006FFD55 /* CopyrightCell.swift */; };
		DD50FC2C2592977A006FFD55 /* AlbumsFromHistoryController.swift in Sources */ = {isa = PBXBuildFile; fileRef = DD50FC2B2592977A006FFD55 /* AlbumsFromHistoryController.swift */; };
		DDB286BD258F778000358410 /* AppDelegate.swift in Sources */ = {isa = PBXBuildFile; fileRef = DDB286BC258F778000358410 /* AppDelegate.swift */; };
		DDB286BF258F778000358410 /* SceneDelegate.swift in Sources */ = {isa = PBXBuildFile; fileRef = DDB286BE258F778000358410 /* SceneDelegate.swift */; };
		DDB286C1258F778000358410 /* SearchController.swift in Sources */ = {isa = PBXBuildFile; fileRef = DDB286C0258F778000358410 /* SearchController.swift */; };
		DDB286C4258F778000358410 /* Main.storyboard in Resources */ = {isa = PBXBuildFile; fileRef = DDB286C2258F778000358410 /* Main.storyboard */; };
		DDB286C7258F778000358410 /* Music.xcdatamodeld in Sources */ = {isa = PBXBuildFile; fileRef = DDB286C5258F778000358410 /* Music.xcdatamodeld */; };
		DDB286C9258F778300358410 /* Assets.xcassets in Resources */ = {isa = PBXBuildFile; fileRef = DDB286C8258F778300358410 /* Assets.xcassets */; };
		DDB286CC258F778300358410 /* LaunchScreen.storyboard in Resources */ = {isa = PBXBuildFile; fileRef = DDB286CA258F778300358410 /* LaunchScreen.storyboard */; };
		DDB286DF258F7F5000358410 /* SearchItems.swift in Sources */ = {isa = PBXBuildFile; fileRef = DDB286DE258F7F5000358410 /* SearchItems.swift */; };
		DDB286EA258F86B300358410 /* Request.swift in Sources */ = {isa = PBXBuildFile; fileRef = DDB286E9258F86B300358410 /* Request.swift */; };
/* End PBXBuildFile section */

/* Begin PBXFileReference section */
		3157439674C642F281D9E478 /* Pods_Music.framework */ = {isa = PBXFileReference; explicitFileType = wrapper.framework; includeInIndex = 0; path = Pods_Music.framework; sourceTree = BUILT_PRODUCTS_DIR; };
		4CA232D72AA8A0198AE9F1B4 /* Pods-Music.release.xcconfig */ = {isa = PBXFileReference; includeInIndex = 1; lastKnownFileType = text.xcconfig; name = "Pods-Music.release.xcconfig"; path = "Target Support Files/Pods-Music/Pods-Music.release.xcconfig"; sourceTree = "<group>"; };
		DD50FBF22590B693006FFD55 /* TabBarController.swift */ = {isa = PBXFileReference; lastKnownFileType = sourcecode.swift; path = TabBarController.swift; sourceTree = "<group>"; };
		DD50FBF62590B7B7006FFD55 /* HistoryController.swift */ = {isa = PBXFileReference; lastKnownFileType = sourcecode.swift; path = HistoryController.swift; sourceTree = "<group>"; };
		DD50FBF92590BD8B006FFD55 /* SearchListCell.swift */ = {isa = PBXFileReference; lastKnownFileType = sourcecode.swift; path = SearchListCell.swift; sourceTree = "<group>"; };
		DD50FC0C259234C0006FFD55 /* HistoryCell.swift */ = {isa = PBXFileReference; lastKnownFileType = sourcecode.swift; path = HistoryCell.swift; sourceTree = "<group>"; };
		DD50FC1625924351006FFD55 /* AlbumCell.swift */ = {isa = PBXFileReference; lastKnownFileType = sourcecode.swift; path = AlbumCell.swift; sourceTree = "<group>"; };
		DD50FC1A259243BD006FFD55 /* AlbumController.swift */ = {isa = PBXFileReference; lastKnownFileType = sourcecode.swift; path = AlbumController.swift; sourceTree = "<group>"; };
		DD50FC2025925261006FFD55 /* CoverCell.swift */ = {isa = PBXFileReference; lastKnownFileType = sourcecode.swift; path = CoverCell.swift; sourceTree = "<group>"; };
		DD50FC24259290EF006FFD55 /* CopyrightCell.swift */ = {isa = PBXFileReference; lastKnownFileType = sourcecode.swift; path = CopyrightCell.swift; sourceTree = "<group>"; };
		DD50FC2B2592977A006FFD55 /* AlbumsFromHistoryController.swift */ = {isa = PBXFileReference; lastKnownFileType = sourcecode.swift; path = AlbumsFromHistoryController.swift; sourceTree = "<group>"; };
		DDB286B9258F778000358410 /* Music.app */ = {isa = PBXFileReference; explicitFileType = wrapper.application; includeInIndex = 0; path = Music.app; sourceTree = BUILT_PRODUCTS_DIR; };
		DDB286BC258F778000358410 /* AppDelegate.swift */ = {isa = PBXFileReference; lastKnownFileType = sourcecode.swift; path = AppDelegate.swift; sourceTree = "<group>"; };
		DDB286BE258F778000358410 /* SceneDelegate.swift */ = {isa = PBXFileReference; lastKnownFileType = sourcecode.swift; path = SceneDelegate.swift; sourceTree = "<group>"; };
		DDB286C0258F778000358410 /* SearchController.swift */ = {isa = PBXFileReference; lastKnownFileType = sourcecode.swift; path = SearchController.swift; sourceTree = "<group>"; };
		DDB286C3258F778000358410 /* Base */ = {isa = PBXFileReference; lastKnownFileType = file.storyboard; name = Base; path = Base.lproj/Main.storyboard; sourceTree = "<group>"; };
		DDB286C6258F778000358410 /* Music.xcdatamodel */ = {isa = PBXFileReference; lastKnownFileType = wrapper.xcdatamodel; path = Music.xcdatamodel; sourceTree = "<group>"; };
		DDB286C8258F778300358410 /* Assets.xcassets */ = {isa = PBXFileReference; lastKnownFileType = folder.assetcatalog; path = Assets.xcassets; sourceTree = "<group>"; };
		DDB286CB258F778300358410 /* Base */ = {isa = PBXFileReference; lastKnownFileType = file.storyboard; name = Base; path = Base.lproj/LaunchScreen.storyboard; sourceTree = "<group>"; };
		DDB286CD258F778300358410 /* Info.plist */ = {isa = PBXFileReference; lastKnownFileType = text.plist.xml; path = Info.plist; sourceTree = "<group>"; };
		DDB286DE258F7F5000358410 /* SearchItems.swift */ = {isa = PBXFileReference; lastKnownFileType = sourcecode.swift; path = SearchItems.swift; sourceTree = "<group>"; };
		DDB286E9258F86B300358410 /* Request.swift */ = {isa = PBXFileReference; lastKnownFileType = sourcecode.swift; path = Request.swift; sourceTree = "<group>"; };
		F8B0E93C8D67781B26DC849F /* Pods-Music.debug.xcconfig */ = {isa = PBXFileReference; includeInIndex = 1; lastKnownFileType = text.xcconfig; name = "Pods-Music.debug.xcconfig"; path = "Target Support Files/Pods-Music/Pods-Music.debug.xcconfig"; sourceTree = "<group>"; };
/* End PBXFileReference section */

/* Begin PBXFrameworksBuildPhase section */
		DDB286B6258F778000358410 /* Frameworks */ = {
			isa = PBXFrameworksBuildPhase;
			buildActionMask = 2147483647;
			files = (
				044A676B1DC7D444C74CB45F /* Pods_Music.framework in Frameworks */,
			);
			runOnlyForDeploymentPostprocessing = 0;
		};
/* End PBXFrameworksBuildPhase section */

/* Begin PBXGroup section */
		85A8C584A7E03662E9FD9358 /* Frameworks */ = {
			isa = PBXGroup;
			children = (
				3157439674C642F281D9E478 /* Pods_Music.framework */,
			);
			name = Frameworks;
			sourceTree = "<group>";
		};
		D1F0CC53AB5F91C2BF1D3AFF /* Pods */ = {
			isa = PBXGroup;
			children = (
				F8B0E93C8D67781B26DC849F /* Pods-Music.debug.xcconfig */,
				4CA232D72AA8A0198AE9F1B4 /* Pods-Music.release.xcconfig */,
			);
			path = Pods;
			sourceTree = "<group>";
		};
		DD50FC0F25924243006FFD55 /* Search */ = {
			isa = PBXGroup;
			children = (
				DDB286C0258F778000358410 /* SearchController.swift */,
				DD50FBF92590BD8B006FFD55 /* SearchListCell.swift */,
			);
			path = Search;
			sourceTree = "<group>";
		};
		DD50FC102592426C006FFD55 /* History */ = {
			isa = PBXGroup;
			children = (
				DD50FBF62590B7B7006FFD55 /* HistoryController.swift */,
				DD50FC0C259234C0006FFD55 /* HistoryCell.swift */,
			);
			path = History;
			sourceTree = "<group>";
		};
		DD50FC1925924385006FFD55 /* Album */ = {
			isa = PBXGroup;
			children = (
				DD50FC1625924351006FFD55 /* AlbumCell.swift */,
				DD50FC1A259243BD006FFD55 /* AlbumController.swift */,
				DD50FC2025925261006FFD55 /* CoverCell.swift */,
				DD50FC24259290EF006FFD55 /* CopyrightCell.swift */,
			);
			path = Album;
			sourceTree = "<group>";
		};
		DDB286B0258F777F00358410 = {
			isa = PBXGroup;
			children = (
				DDB286BB258F778000358410 /* Music */,
				DDB286BA258F778000358410 /* Products */,
				D1F0CC53AB5F91C2BF1D3AFF /* Pods */,
				85A8C584A7E03662E9FD9358 /* Frameworks */,
			);
			sourceTree = "<group>";
		};
		DDB286BA258F778000358410 /* Products */ = {
			isa = PBXGroup;
			children = (
				DDB286B9258F778000358410 /* Music.app */,
			);
			name = Products;
			sourceTree = "<group>";
		};
		DDB286BB258F778000358410 /* Music */ = {
			isa = PBXGroup;
			children = (
				DDB286BC258F778000358410 /* AppDelegate.swift */,
				DDB286BE258F778000358410 /* SceneDelegate.swift */,
				DDB286E2258F7F5800358410 /* Models */,
				DDB286DC258F7EF900358410 /* Controllers */,
				DDB286C2258F778000358410 /* Main.storyboard */,
				DDB286C8258F778300358410 /* Assets.xcassets */,
				DDB286CA258F778300358410 /* LaunchScreen.storyboard */,
				DDB286CD258F778300358410 /* Info.plist */,
			);
			path = Music;
			sourceTree = "<group>";
		};
		DDB286DC258F7EF900358410 /* Controllers */ = {
			isa = PBXGroup;
			children = (
				DD50FC1925924385006FFD55 /* Album */,
				DD50FBF22590B693006FFD55 /* TabBarController.swift */,
				DD50FC0F25924243006FFD55 /* Search */,
				DD50FC102592426C006FFD55 /* History */,
				DD50FC2B2592977A006FFD55 /* AlbumsFromHistoryController.swift */,
			);
			path = Controllers;
			sourceTree = "<group>";
		};
		DDB286E2258F7F5800358410 /* Models */ = {
			isa = PBXGroup;
			children = (
				DDB286C5258F778000358410 /* Music.xcdatamodeld */,
				DDB286DE258F7F5000358410 /* SearchItems.swift */,
				DDB286E7258F869000358410 /* Network */,
			);
			path = Models;
			sourceTree = "<group>";
		};
		DDB286E7258F869000358410 /* Network */ = {
			isa = PBXGroup;
			children = (
				DDB286E9258F86B300358410 /* Request.swift */,
			);
			path = Network;
			sourceTree = "<group>";
		};
/* End PBXGroup section */

/* Begin PBXNativeTarget section */
		DDB286B8258F778000358410 /* Music */ = {
			isa = PBXNativeTarget;
			buildConfigurationList = DDB286D0258F778300358410 /* Build configuration list for PBXNativeTarget "Music" */;
			buildPhases = (
				000DDD8A83D736E7790AFA46 /* [CP] Check Pods Manifest.lock */,
				DDB286B5258F778000358410 /* Sources */,
				DDB286B6258F778000358410 /* Frameworks */,
				DDB286B7258F778000358410 /* Resources */,
				13E7AD3537ABF8A3BB047A5F /* [CP] Embed Pods Frameworks */,
			);
			buildRules = (
			);
			dependencies = (
			);
			name = Music;
			productName = Music;
			productReference = DDB286B9258F778000358410 /* Music.app */;
			productType = "com.apple.product-type.application";
		};
/* End PBXNativeTarget section */

/* Begin PBXProject section */
		DDB286B1258F777F00358410 /* Project object */ = {
			isa = PBXProject;
			attributes = {
				LastSwiftUpdateCheck = 1210;
				LastUpgradeCheck = 1210;
				TargetAttributes = {
					DDB286B8258F778000358410 = {
						CreatedOnToolsVersion = 12.1;
					};
				};
			};
			buildConfigurationList = DDB286B4258F777F00358410 /* Build configuration list for PBXProject "Music" */;
			compatibilityVersion = "Xcode 9.3";
			developmentRegion = en;
			hasScannedForEncodings = 0;
			knownRegions = (
				en,
				Base,
			);
			mainGroup = DDB286B0258F777F00358410;
			productRefGroup = DDB286BA258F778000358410 /* Products */;
			projectDirPath = "";
			projectRoot = "";
			targets = (
				DDB286B8258F778000358410 /* Music */,
			);
		};
/* End PBXProject section */

/* Begin PBXResourcesBuildPhase section */
		DDB286B7258F778000358410 /* Resources */ = {
			isa = PBXResourcesBuildPhase;
			buildActionMask = 2147483647;
			files = (
				DDB286CC258F778300358410 /* LaunchScreen.storyboard in Resources */,
				DDB286C9258F778300358410 /* Assets.xcassets in Resources */,
				DDB286C4258F778000358410 /* Main.storyboard in Resources */,
			);
			runOnlyForDeploymentPostprocessing = 0;
		};
/* End PBXResourcesBuildPhase section */

/* Begin PBXShellScriptBuildPhase section */
		000DDD8A83D736E7790AFA46 /* [CP] Check Pods Manifest.lock */ = {
			isa = PBXShellScriptBuildPhase;
			buildActionMask = 2147483647;
			files = (
			);
			inputFileListPaths = (
			);
			inputPaths = (
				"${PODS_PODFILE_DIR_PATH}/Podfile.lock",
				"${PODS_ROOT}/Manifest.lock",
			);
			name = "[CP] Check Pods Manifest.lock";
			outputFileListPaths = (
			);
			outputPaths = (
				"$(DERIVED_FILE_DIR)/Pods-Music-checkManifestLockResult.txt",
			);
			runOnlyForDeploymentPostprocessing = 0;
			shellPath = /bin/sh;
			shellScript = "diff \"${PODS_PODFILE_DIR_PATH}/Podfile.lock\" \"${PODS_ROOT}/Manifest.lock\" > /dev/null\nif [ $? != 0 ] ; then\n    # print error to STDERR\n    echo \"error: The sandbox is not in sync with the Podfile.lock. Run 'pod install' or update your CocoaPods installation.\" >&2\n    exit 1\nfi\n# This output is used by Xcode 'outputs' to avoid re-running this script phase.\necho \"SUCCESS\" > \"${SCRIPT_OUTPUT_FILE_0}\"\n";
			showEnvVarsInLog = 0;
		};
		13E7AD3537ABF8A3BB047A5F /* [CP] Embed Pods Frameworks */ = {
			isa = PBXShellScriptBuildPhase;
			buildActionMask = 2147483647;
			files = (
			);
			inputFileListPaths = (
				"${PODS_ROOT}/Target Support Files/Pods-Music/Pods-Music-frameworks-${CONFIGURATION}-input-files.xcfilelist",
			);
			name = "[CP] Embed Pods Frameworks";
			outputFileListPaths = (
				"${PODS_ROOT}/Target Support Files/Pods-Music/Pods-Music-frameworks-${CONFIGURATION}-output-files.xcfilelist",
			);
			runOnlyForDeploymentPostprocessing = 0;
			shellPath = /bin/sh;
			shellScript = "\"${PODS_ROOT}/Target Support Files/Pods-Music/Pods-Music-frameworks.sh\"\n";
			showEnvVarsInLog = 0;
		};
/* End PBXShellScriptBuildPhase section */

/* Begin PBXSourcesBuildPhase section */
		DDB286B5258F778000358410 /* Sources */ = {
			isa = PBXSourcesBuildPhase;
			buildActionMask = 2147483647;
			files = (
				DDB286C1258F778000358410 /* SearchController.swift in Sources */,
				DD50FC1B259243BD006FFD55 /* AlbumController.swift in Sources */,
				DD50FBFA2590BD8B006FFD55 /* SearchListCell.swift in Sources */,
				DDB286DF258F7F5000358410 /* SearchItems.swift in Sources */,
				DDB286BD258F778000358410 /* AppDelegate.swift in Sources */,
				DD50FC0D259234C0006FFD55 /* HistoryCell.swift in Sources */,
				DDB286BF258F778000358410 /* SceneDelegate.swift in Sources */,
				DD50FBF32590B693006FFD55 /* TabBarController.swift in Sources */,
				DD50FC2C2592977A006FFD55 /* AlbumsFromHistoryController.swift in Sources */,
				DD50FBF72590B7B7006FFD55 /* HistoryController.swift in Sources */,
				DD50FC25259290EF006FFD55 /* CopyrightCell.swift in Sources */,
				DDB286EA258F86B300358410 /* Request.swift in Sources */,
				DD50FC2125925261006FFD55 /* CoverCell.swift in Sources */,
				DDB286C7258F778000358410 /* Music.xcdatamodeld in Sources */,
				DD50FC1725924351006FFD55 /* AlbumCell.swift in Sources */,
			);
			runOnlyForDeploymentPostprocessing = 0;
		};
/* End PBXSourcesBuildPhase section */

/* Begin PBXVariantGroup section */
		DDB286C2258F778000358410 /* Main.storyboard */ = {
			isa = PBXVariantGroup;
			children = (
				DDB286C3258F778000358410 /* Base */,
			);
			name = Main.storyboard;
			sourceTree = "<group>";
		};
		DDB286CA258F778300358410 /* LaunchScreen.storyboard */ = {
			isa = PBXVariantGroup;
			children = (
				DDB286CB258F778300358410 /* Base */,
			);
			name = LaunchScreen.storyboard;
			sourceTree = "<group>";
		};
/* End PBXVariantGroup section */

/* Begin XCBuildConfiguration section */
		DDB286CE258F778300358410 /* Debug */ = {
			isa = XCBuildConfiguration;
			buildSettings = {
				ALWAYS_SEARCH_USER_PATHS = NO;
				CLANG_ANALYZER_NONNULL = YES;
				CLANG_ANALYZER_NUMBER_OBJECT_CONVERSION = YES_AGGRESSIVE;
				CLANG_CXX_LANGUAGE_STANDARD = "gnu++14";
				CLANG_CXX_LIBRARY = "libc++";
				CLANG_ENABLE_MODULES = YES;
				CLANG_ENABLE_OBJC_ARC = YES;
				CLANG_ENABLE_OBJC_WEAK = YES;
				CLANG_WARN_BLOCK_CAPTURE_AUTORELEASING = YES;
				CLANG_WARN_BOOL_CONVERSION = YES;
				CLANG_WARN_COMMA = YES;
				CLANG_WARN_CONSTANT_CONVERSION = YES;
				CLANG_WARN_DEPRECATED_OBJC_IMPLEMENTATIONS = YES;
				CLANG_WARN_DIRECT_OBJC_ISA_USAGE = YES_ERROR;
				CLANG_WARN_DOCUMENTATION_COMMENTS = YES;
				CLANG_WARN_EMPTY_BODY = YES;
				CLANG_WARN_ENUM_CONVERSION = YES;
				CLANG_WARN_INFINITE_RECURSION = YES;
				CLANG_WARN_INT_CONVERSION = YES;
				CLANG_WARN_NON_LITERAL_NULL_CONVERSION = YES;
				CLANG_WARN_OBJC_IMPLICIT_RETAIN_SELF = YES;
				CLANG_WARN_OBJC_LITERAL_CONVERSION = YES;
				CLANG_WARN_OBJC_ROOT_CLASS = YES_ERROR;
				CLANG_WARN_QUOTED_INCLUDE_IN_FRAMEWORK_HEADER = YES;
				CLANG_WARN_RANGE_LOOP_ANALYSIS = YES;
				CLANG_WARN_STRICT_PROTOTYPES = YES;
				CLANG_WARN_SUSPICIOUS_MOVE = YES;
				CLANG_WARN_UNGUARDED_AVAILABILITY = YES_AGGRESSIVE;
				CLANG_WARN_UNREACHABLE_CODE = YES;
				CLANG_WARN__DUPLICATE_METHOD_MATCH = YES;
				COPY_PHASE_STRIP = NO;
				DEBUG_INFORMATION_FORMAT = dwarf;
				ENABLE_STRICT_OBJC_MSGSEND = YES;
				ENABLE_TESTABILITY = YES;
				GCC_C_LANGUAGE_STANDARD = gnu11;
				GCC_DYNAMIC_NO_PIC = NO;
				GCC_NO_COMMON_BLOCKS = YES;
				GCC_OPTIMIZATION_LEVEL = 0;
				GCC_PREPROCESSOR_DEFINITIONS = (
					"DEBUG=1",
					"$(inherited)",
				);
				GCC_WARN_64_TO_32_BIT_CONVERSION = YES;
				GCC_WARN_ABOUT_RETURN_TYPE = YES_ERROR;
				GCC_WARN_UNDECLARED_SELECTOR = YES;
				GCC_WARN_UNINITIALIZED_AUTOS = YES_AGGRESSIVE;
				GCC_WARN_UNUSED_FUNCTION = YES;
				GCC_WARN_UNUSED_VARIABLE = YES;
				IPHONEOS_DEPLOYMENT_TARGET = 14.0;
				MTL_ENABLE_DEBUG_INFO = INCLUDE_SOURCE;
				MTL_FAST_MATH = YES;
				ONLY_ACTIVE_ARCH = YES;
				SDKROOT = iphoneos;
				SWIFT_ACTIVE_COMPILATION_CONDITIONS = DEBUG;
				SWIFT_OPTIMIZATION_LEVEL = "-Onone";
			};
			name = Debug;
		};
		DDB286CF258F778300358410 /* Release */ = {
			isa = XCBuildConfiguration;
			buildSettings = {
				ALWAYS_SEARCH_USER_PATHS = NO;
				CLANG_ANALYZER_NONNULL = YES;
				CLANG_ANALYZER_NUMBER_OBJECT_CONVERSION = YES_AGGRESSIVE;
				CLANG_CXX_LANGUAGE_STANDARD = "gnu++14";
				CLANG_CXX_LIBRARY = "libc++";
				CLANG_ENABLE_MODULES = YES;
				CLANG_ENABLE_OBJC_ARC = YES;
				CLANG_ENABLE_OBJC_WEAK = YES;
				CLANG_WARN_BLOCK_CAPTURE_AUTORELEASING = YES;
				CLANG_WARN_BOOL_CONVERSION = YES;
				CLANG_WARN_COMMA = YES;
				CLANG_WARN_CONSTANT_CONVERSION = YES;
				CLANG_WARN_DEPRECATED_OBJC_IMPLEMENTATIONS = YES;
				CLANG_WARN_DIRECT_OBJC_ISA_USAGE = YES_ERROR;
				CLANG_WARN_DOCUMENTATION_COMMENTS = YES;
				CLANG_WARN_EMPTY_BODY = YES;
				CLANG_WARN_ENUM_CONVERSION = YES;
				CLANG_WARN_INFINITE_RECURSION = YES;
				CLANG_WARN_INT_CONVERSION = YES;
				CLANG_WARN_NON_LITERAL_NULL_CONVERSION = YES;
				CLANG_WARN_OBJC_IMPLICIT_RETAIN_SELF = YES;
				CLANG_WARN_OBJC_LITERAL_CONVERSION = YES;
				CLANG_WARN_OBJC_ROOT_CLASS = YES_ERROR;
				CLANG_WARN_QUOTED_INCLUDE_IN_FRAMEWORK_HEADER = YES;
				CLANG_WARN_RANGE_LOOP_ANALYSIS = YES;
				CLANG_WARN_STRICT_PROTOTYPES = YES;
				CLANG_WARN_SUSPICIOUS_MOVE = YES;
				CLANG_WARN_UNGUARDED_AVAILABILITY = YES_AGGRESSIVE;
				CLANG_WARN_UNREACHABLE_CODE = YES;
				CLANG_WARN__DUPLICATE_METHOD_MATCH = YES;
				COPY_PHASE_STRIP = NO;
				DEBUG_INFORMATION_FORMAT = "dwarf-with-dsym";
				ENABLE_NS_ASSERTIONS = NO;
				ENABLE_STRICT_OBJC_MSGSEND = YES;
				GCC_C_LANGUAGE_STANDARD = gnu11;
				GCC_NO_COMMON_BLOCKS = YES;
				GCC_WARN_64_TO_32_BIT_CONVERSION = YES;
				GCC_WARN_ABOUT_RETURN_TYPE = YES_ERROR;
				GCC_WARN_UNDECLARED_SELECTOR = YES;
				GCC_WARN_UNINITIALIZED_AUTOS = YES_AGGRESSIVE;
				GCC_WARN_UNUSED_FUNCTION = YES;
				GCC_WARN_UNUSED_VARIABLE = YES;
				IPHONEOS_DEPLOYMENT_TARGET = 14.0;
				MTL_ENABLE_DEBUG_INFO = NO;
				MTL_FAST_MATH = YES;
				SDKROOT = iphoneos;
				SWIFT_COMPILATION_MODE = wholemodule;
				SWIFT_OPTIMIZATION_LEVEL = "-O";
				VALIDATE_PRODUCT = YES;
			};
			name = Release;
		};
		DDB286D1258F778300358410 /* Debug */ = {
			isa = XCBuildConfiguration;
			baseConfigurationReference = F8B0E93C8D67781B26DC849F /* Pods-Music.debug.xcconfig */;
			buildSettings = {
				ASSETCATALOG_COMPILER_APPICON_NAME = AppIcon;
				ASSETCATALOG_COMPILER_GLOBAL_ACCENT_COLOR_NAME = AccentColor;
				CODE_SIGN_STYLE = Automatic;
				DEVELOPMENT_TEAM = PR437U27Q7;
				INFOPLIST_FILE = Music/Info.plist;
				LD_RUNPATH_SEARCH_PATHS = (
					"$(inherited)",
					"@executable_path/Frameworks",
				);
				PRODUCT_BUNDLE_IDENTIFIER = Vladimir.Music;
				PRODUCT_NAME = "$(TARGET_NAME)";
				SWIFT_VERSION = 5.0;
				TARGETED_DEVICE_FAMILY = "1,2";
			};
			name = Debug;
		};
		DDB286D2258F778300358410 /* Release */ = {
			isa = XCBuildConfiguration;
			baseConfigurationReference = 4CA232D72AA8A0198AE9F1B4 /* Pods-Music.release.xcconfig */;
			buildSettings = {
				ASSETCATALOG_COMPILER_APPICON_NAME = AppIcon;
				ASSETCATALOG_COMPILER_GLOBAL_ACCENT_COLOR_NAME = AccentColor;
				CODE_SIGN_STYLE = Automatic;
				DEVELOPMENT_TEAM = PR437U27Q7;
				INFOPLIST_FILE = Music/Info.plist;
				LD_RUNPATH_SEARCH_PATHS = (
					"$(inherited)",
					"@executable_path/Frameworks",
				);
				PRODUCT_BUNDLE_IDENTIFIER = Vladimir.Music;
				PRODUCT_NAME = "$(TARGET_NAME)";
				SWIFT_VERSION = 5.0;
				TARGETED_DEVICE_FAMILY = "1,2";
			};
			name = Release;
		};
/* End XCBuildConfiguration section */

/* Begin XCConfigurationList section */
		DDB286B4258F777F00358410 /* Build configuration list for PBXProject "Music" */ = {
			isa = XCConfigurationList;
			buildConfigurations = (
				DDB286CE258F778300358410 /* Debug */,
				DDB286CF258F778300358410 /* Release */,
			);
			defaultConfigurationIsVisible = 0;
			defaultConfigurationName = Release;
		};
		DDB286D0258F778300358410 /* Build configuration list for PBXNativeTarget "Music" */ = {
			isa = XCConfigurationList;
			buildConfigurations = (
				DDB286D1258F778300358410 /* Debug */,
				DDB286D2258F778300358410 /* Release */,
			);
			defaultConfigurationIsVisible = 0;
			defaultConfigurationName = Release;
		};
/* End XCConfigurationList section */

/* Begin XCVersionGroup section */
		DDB286C5258F778000358410 /* Music.xcdatamodeld */ = {
			isa = XCVersionGroup;
			children = (
				DDB286C6258F778000358410 /* Music.xcdatamodel */,
			);
			currentVersion = DDB286C6258F778000358410 /* Music.xcdatamodel */;
			path = Music.xcdatamodeld;
			sourceTree = "<group>";
			versionGroupType = wrapper.xcdatamodel;
		};
/* End XCVersionGroup section */
	};
	rootObject = DDB286B1258F777F00358410 /* Project object */;
}
